
Microsoft Visual Studio Solution File, Format Version 12.00
# Visual Studio Version 16
VisualStudioVersion = 16.0.31321.278
MinimumVisualStudioVersion = 10.0.40219.1
Project("{FAE04EC0-301F-11D3-BF4B-00C04F79EFBC}") = "LabEF_2", "LabEF_2\LabEF_2.csproj", "{C55FD301-5F26-43BD-B01D-9F3D6E78366A}"
EndProject
Global
	GlobalSection(SolutionConfigurationPlatforms) = preSolution
		Debug|Any CPU = Debug|Any CPU
		Release|Any CPU = Release|Any CPU
	EndGlobalSection
	GlobalSection(ProjectConfigurationPlatforms) = postSolution
		{C55FD301-5F26-43BD-B01D-9F3D6E78366A}.Debug|Any CPU.ActiveCfg = Debug|Any CPU
		{C55FD301-5F26-43BD-B01D-9F3D6E78366A}.Debug|Any CPU.Build.0 = Debug|Any CPU
		{C55FD301-5F26-43BD-B01D-9F3D6E78366A}.Release|Any CPU.ActiveCfg = Release|Any CPU
		{C55FD301-5F26-43BD-B01D-9F3D6E78366A}.Release|Any CPU.Build.0 = Release|Any CPU
	EndGlobalSection
	GlobalSection(SolutionProperties) = preSolution
		HideSolutionNode = FALSE
	EndGlobalSection
	GlobalSection(ExtensibilityGlobals) = postSolution
		SolutionGuid = {19E420C5-719C-4D3B-888D-BA7B01087094}
	EndGlobalSection
EndGlobal
